
Microsoft Visual Studio Solution File, Format Version 12.00
# Visual Studio Version 16
VisualStudioVersion = 25.0.1700.0
MinimumVisualStudioVersion = 10.0.40219.1
Project("{FAE04EC0-301F-11D3-BF4B-00C04F79EFBC}") = "reviewYourInternship", "reviewYourInternship\reviewYourInternship.csproj", "{81ACC529-F42B-4D4D-9A4C-00BB5BD74EF7}"
EndProject
Global
	GlobalSection(SolutionConfigurationPlatforms) = preSolution
		Debug|Any CPU = Debug|Any CPU
		Release|Any CPU = Release|Any CPU
	EndGlobalSection
	GlobalSection(ProjectConfigurationPlatforms) = postSolution
		{81ACC529-F42B-4D4D-9A4C-00BB5BD74EF7}.Debug|Any CPU.ActiveCfg = Debug|Any CPU
		{81ACC529-F42B-4D4D-9A4C-00BB5BD74EF7}.Debug|Any CPU.Build.0 = Debug|Any CPU
		{81ACC529-F42B-4D4D-9A4C-00BB5BD74EF7}.Release|Any CPU.ActiveCfg = Release|Any CPU
		{81ACC529-F42B-4D4D-9A4C-00BB5BD74EF7}.Release|Any CPU.Build.0 = Release|Any CPU
	EndGlobalSection
	GlobalSection(SolutionProperties) = preSolution
		HideSolutionNode = FALSE
	EndGlobalSection
	GlobalSection(ExtensibilityGlobals) = postSolution
		SolutionGuid = {79716A9B-8288-433F-BD78-5A5791B5E183}
	EndGlobalSection
EndGlobal
